
Microsoft Visual Studio Solution File, Format Version 12.00
# Visual Studio Version 17
VisualStudioVersion = 17.9.34728.123
MinimumVisualStudioVersion = 10.0.40219.1
Project("{FAE04EC0-301F-11D3-BF4B-00C04F79EFBC}") = "lab12", "lab12\lab12.csproj", "{FC514A33-3946-478B-BFDF-2B6D2AAAE365}"
EndProject
Global
	GlobalSection(SolutionConfigurationPlatforms) = preSolution
		Debug|Any CPU = Debug|Any CPU
		Release|Any CPU = Release|Any CPU
	EndGlobalSection
	GlobalSection(ProjectConfigurationPlatforms) = postSolution
		{FC514A33-3946-478B-BFDF-2B6D2AAAE365}.Debug|Any CPU.ActiveCfg = Debug|Any CPU
		{FC514A33-3946-478B-BFDF-2B6D2AAAE365}.Debug|Any CPU.Build.0 = Debug|Any CPU
		{FC514A33-3946-478B-BFDF-2B6D2AAAE365}.Release|Any CPU.ActiveCfg = Release|Any CPU
		{FC514A33-3946-478B-BFDF-2B6D2AAAE365}.Release|Any CPU.Build.0 = Release|Any CPU
	EndGlobalSection
	GlobalSection(SolutionProperties) = preSolution
		HideSolutionNode = FALSE
	EndGlobalSection
	GlobalSection(ExtensibilityGlobals) = postSolution
		SolutionGuid = {FC09191F-6153-490F-8048-98AD06D8AF69}
	EndGlobalSection
EndGlobal
