
Microsoft Visual Studio Solution File, Format Version 12.00
# Visual Studio Version 17
VisualStudioVersion = 17.9.34728.123
MinimumVisualStudioVersion = 10.0.40219.1
Project("{FAE04EC0-301F-11D3-BF4B-00C04F79EFBC}") = "Lab13", "Lab13\Lab13.csproj", "{D402BFF9-28CA-482B-BE2A-DB5B999D5DF1}"
EndProject
Global
	GlobalSection(SolutionConfigurationPlatforms) = preSolution
		Debug|Any CPU = Debug|Any CPU
		Release|Any CPU = Release|Any CPU
	EndGlobalSection
	GlobalSection(ProjectConfigurationPlatforms) = postSolution
		{D402BFF9-28CA-482B-BE2A-DB5B999D5DF1}.Debug|Any CPU.ActiveCfg = Debug|Any CPU
		{D402BFF9-28CA-482B-BE2A-DB5B999D5DF1}.Debug|Any CPU.Build.0 = Debug|Any CPU
		{D402BFF9-28CA-482B-BE2A-DB5B999D5DF1}.Release|Any CPU.ActiveCfg = Release|Any CPU
		{D402BFF9-28CA-482B-BE2A-DB5B999D5DF1}.Release|Any CPU.Build.0 = Release|Any CPU
	EndGlobalSection
	GlobalSection(SolutionProperties) = preSolution
		HideSolutionNode = FALSE
	EndGlobalSection
	GlobalSection(ExtensibilityGlobals) = postSolution
		SolutionGuid = {15619889-E32A-4D53-BEE8-64906C6230E5}
	EndGlobalSection
EndGlobal
